Microsoft Visual Studio Solution File, Format Version 12.00
# Visual Studio Version 17
VisualStudioVersion = 17.5.2.0
MinimumVisualStudioVersion = 10.0.40219.1
Project("{FAE04EC0-301F-11D3-BF4B-00C04F79EFBC}") = "PracticeWebApp", "PracticeWebApp.csproj", "{BE04E807-883C-EDF5-9AA5-420299A45215}"
EndProject
Global
	GlobalSection(SolutionConfigurationPlatforms) = preSolution
		Debug|Any CPU = Debug|Any CPU
		Release|Any CPU = Release|Any CPU
	EndGlobalSection
	GlobalSection(ProjectConfigurationPlatforms) = postSolution
		{BE04E807-883C-EDF5-9AA5-420299A45215}.Debug|Any CPU.ActiveCfg = Debug|Any CPU
		{BE04E807-883C-EDF5-9AA5-420299A45215}.Debug|Any CPU.Build.0 = Debug|Any CPU
		{BE04E807-883C-EDF5-9AA5-420299A45215}.Release|Any CPU.ActiveCfg = Release|Any CPU
		{BE04E807-883C-EDF5-9AA5-420299A45215}.Release|Any CPU.Build.0 = Release|Any CPU
	EndGlobalSection
	GlobalSection(SolutionProperties) = preSolution
		HideSolutionNode = FALSE
	EndGlobalSection
	GlobalSection(ExtensibilityGlobals) = postSolution
		SolutionGuid = {5D60EBD9-5DDA-4A13-A5F2-97B3D93FBAED}
	EndGlobalSection
EndGlobal
